
Microsoft Visual Studio Solution File, Format Version 12.00
# Visual Studio 15
VisualStudioVersion = 15.0.28307.1267
MinimumVisualStudioVersion = 10.0.40219.1
Project("{FAE04EC0-301F-11D3-BF4B-00C04F79EFBC}") = "RestDemo", "RestDemo\RestDemo.csproj", "{E7A6399B-6301-4D1A-AFF9-722F2B91A4EB}"
EndProject
Global
	GlobalSection(SolutionConfigurationPlatforms) = preSolution
		Debug|Any CPU = Debug|Any CPU
		Release|Any CPU = Release|Any CPU
	EndGlobalSection
	GlobalSection(ProjectConfigurationPlatforms) = postSolution
		{E7A6399B-6301-4D1A-AFF9-722F2B91A4EB}.Debug|Any CPU.ActiveCfg = Debug|Any CPU
		{E7A6399B-6301-4D1A-AFF9-722F2B91A4EB}.Debug|Any CPU.Build.0 = Debug|Any CPU
		{E7A6399B-6301-4D1A-AFF9-722F2B91A4EB}.Release|Any CPU.ActiveCfg = Release|Any CPU
		{E7A6399B-6301-4D1A-AFF9-722F2B91A4EB}.Release|Any CPU.Build.0 = Release|Any CPU
	EndGlobalSection
	GlobalSection(SolutionProperties) = preSolution
		HideSolutionNode = FALSE
	EndGlobalSection
	GlobalSection(ExtensibilityGlobals) = postSolution
		SolutionGuid = {AE916FEC-4ED0-4EA0-B1AB-F5140D22A069}
	EndGlobalSection
EndGlobal
